
Microsoft Visual Studio Solution File, Format Version 12.00
# Visual Studio Version 16
VisualStudioVersion = 16.0.32228.343
MinimumVisualStudioVersion = 10.0.40219.1
Project("{FAE04EC0-301F-11D3-BF4B-00C04F79EFBC}") = "FinalTask", "FinalTask.csproj", "{28A7953D-435C-4EC9-A44F-0EE8E9F27317}"
EndProject
Global
	GlobalSection(SolutionConfigurationPlatforms) = preSolution
		Debug|Any CPU = Debug|Any CPU
		Release|Any CPU = Release|Any CPU
	EndGlobalSection
	GlobalSection(ProjectConfigurationPlatforms) = postSolution
		{28A7953D-435C-4EC9-A44F-0EE8E9F27317}.Debug|Any CPU.ActiveCfg = Debug|Any CPU
		{28A7953D-435C-4EC9-A44F-0EE8E9F27317}.Debug|Any CPU.Build.0 = Debug|Any CPU
		{28A7953D-435C-4EC9-A44F-0EE8E9F27317}.Release|Any CPU.ActiveCfg = Release|Any CPU
		{28A7953D-435C-4EC9-A44F-0EE8E9F27317}.Release|Any CPU.Build.0 = Release|Any CPU
	EndGlobalSection
	GlobalSection(SolutionProperties) = preSolution
		HideSolutionNode = FALSE
	EndGlobalSection
	GlobalSection(ExtensibilityGlobals) = postSolution
		SolutionGuid = {C588EB33-72F6-43C1-90A9-7D640BFBAE67}
	EndGlobalSection
EndGlobal
